
Microsoft Visual Studio Solution File, Format Version 12.00
# Visual Studio Version 18
VisualStudioVersion = 18.3.11520.95
MinimumVisualStudioVersion = 10.0.40219.1
Project("{2150E333-8FDC-42A3-9474-1A3956D46DE8}") = "Src", "Src", "{02EA681E-C7D8-13C7-8484-4AC65E1B71E8}"
EndProject
Project("{2150E333-8FDC-42A3-9474-1A3956D46DE8}") = "WPF", "WPF", "{360ADD68-3FC7-4271-8AD1-D46342C94064}"
EndProject
Project("{FAE04EC0-301F-11D3-BF4B-00C04F79EFBC}") = "eInvoiceApp", "Src\WPF\eInvoiceApp\eInvoiceApp.csproj", "{9086159E-C8A9-483C-AFA1-FA9263892417}"
EndProject
Project("{FAE04EC0-301F-11D3-BF4B-00C04F79EFBC}") = "tulo.SerilogLib", "Src\Common\tulo.SerilogLib\tulo.SerilogLib.csproj", "{424D18B7-CE49-2D61-EA3B-F86149B62350}"
EndProject
Project("{2150E333-8FDC-42A3-9474-1A3956D46DE8}") = "Common", "Common", "{99D63E84-43D0-45BF-BA26-454C0164001B}"
EndProject
Project("{FAE04EC0-301F-11D3-BF4B-00C04F79EFBC}") = "tulo.BlinkingTextControl", "Src\Common\tulo.BlinkingTextControl\tulo.BlinkingTextControl.csproj", "{5F0779B3-A00C-4A5F-93D1-3C9D21B5CF92}"
EndProject
Project("{FAE04EC0-301F-11D3-BF4B-00C04F79EFBC}") = "tulo.CommonMVVM", "Src\Common\tulo.CommonMVVM\tulo.CommonMVVM.csproj", "{A9BA5C0B-EA8A-E139-5573-33D6F9F1C03C}"
EndProject
Project("{FAE04EC0-301F-11D3-BF4B-00C04F79EFBC}") = "tulo.DropdownMenuControl", "Src\Common\tulo.DropdownMenuControl\tulo.DropdownMenuControl.csproj", "{35189D63-B3C8-B905-AB77-1FEDC5B5B48D}"
EndProject
Project("{FAE04EC0-301F-11D3-BF4B-00C04F79EFBC}") = "tulo.LoadingSpinnerControl", "Src\Common\tulo.LoadingSpinnerControl\tulo.LoadingSpinnerControl.csproj", "{C9104F16-8F54-F765-ACA1-F776B97B61CF}"
EndProject
Project("{FAE04EC0-301F-11D3-BF4B-00C04F79EFBC}") = "tulo.ResourcesWpfLib", "Src\Common\tulo.ResourcesWpfLib\tulo.ResourcesWpfLib.csproj", "{FFDC9479-E1FA-A520-3927-FA831C615FEE}"
EndProject
Project("{FAE04EC0-301F-11D3-BF4B-00C04F79EFBC}") = "tulo.eInvoiceXmlGeneratorCii", "Src\tulo.eInvocieXmlGeneratorCii\tulo.eInvoiceXmlGeneratorCii.csproj", "{0069641A-73CB-25D6-C940-5F015BEB126A}"
EndProject
Project("{2150E333-8FDC-42A3-9474-1A3956D46DE8}") = "Tests", "Tests", "{11CB76DD-A6DE-45A2-BE59-C094689CF84E}"
EndProject
Project("{FAE04EC0-301F-11D3-BF4B-00C04F79EFBC}") = "tulo.eInvocieXmlGeneratorCiiTests", "Tests\tulo.eInvocieXmlGeneratorCiiTests\tulo.eInvocieXmlGeneratorCiiTests.csproj", "{ABA84B6F-78FA-ACFB-721D-6EE68EA269C4}"
EndProject
Project("{FAE04EC0-301F-11D3-BF4B-00C04F79EFBC}") = "tulo.XMLeInvoiceToPdf", "Src\tulo.eInvoiceXmlGeneratorPdf\tulo.XMLeInvoiceToPdf.csproj", "{9F3FE7AB-0CC8-13FD-8536-0DD1CC5322F5}"
EndProject
Project("{2150E333-8FDC-42A3-9474-1A3956D46DE8}") = "Solution Items", "Solution Items", "{8EC462FD-D22E-90A8-E5CE-7E832BA40C5D}"
	ProjectSection(SolutionItems) = preProject
		Directory.Packages.props = Directory.Packages.props
		NuGet.Config = NuGet.Config
	EndProjectSection
EndProject
Project("{FAE04EC0-301F-11D3-BF4B-00C04F79EFBC}") = "tulo.CoreLib", "Src\Common\tulo.Corelib\tulo.CoreLib.csproj", "{EFD73D9B-8707-A0BC-A25A-76CA8DFB355D}"
EndProject
Project("{FAE04EC0-301F-11D3-BF4B-00C04F79EFBC}") = "tulo.XMLeInvoiceToPdfTests", "Tests\tulo.eInvoiceXmlGeneratorPdfTests\tulo.XMLeInvoiceToPdfTests.csproj", "{8741676E-5BD8-44C4-A49A-DADC98E02FA7}"
EndProject
Project("{FAE04EC0-301F-11D3-BF4B-00C04F79EFBC}") = "eInvoiceViewer", "Src\WPF\eInvoiceViewer\eInvoiceViewer.csproj", "{988C6B2C-2384-4E46-AC6A-C6BC6F07DB2E}"
EndProject
Project("{FAE04EC0-301F-11D3-BF4B-00C04F79EFBC}") = "tulo.JsonConverterToXmlCiiTests", "Tests\tulo.JsonConverterToXmlCiiTests\tulo.JsonConverterToXmlCiiTests.csproj", "{C8F74E50-4580-4979-A87A-316BC9D4A6E8}"
EndProject
Project("{2150E333-8FDC-42A3-9474-1A3956D46DE8}") = "Deploy", "Deploy", "{E8DF60D6-F01A-4785-B1FD-06A9B29F40ED}"
EndProject
Project("{2150E333-8FDC-42A3-9474-1A3956D46DE8}") = "NuGet", "NuGet", "{0054C3CA-5F63-4B12-8767-FFB3172723D4}"
EndProject
Project("{2150E333-8FDC-42A3-9474-1A3956D46DE8}") = "Local", "Local", "{154F230A-D3D8-47C9-8F9B-4598F730487E}"
	ProjectSection(SolutionItems) = preProject
		Deploy\NuGet\Local\PackAndPushNuGetPackage2LocalFlat.ps1 = Deploy\NuGet\Local\PackAndPushNuGetPackage2LocalFlat.ps1
		Deploy\NuGet\Local\PackAndPushNuGetPackage2LocalStructure.ps1 = Deploy\NuGet\Local\PackAndPushNuGetPackage2LocalStructure.ps1
	EndProjectSection
EndProject
Project("{FAE04EC0-301F-11D3-BF4B-00C04F79EFBC}") = "tulo.LeaderLabeledTextBlock", "Src\Common\tulo.LeaderLabeledTextBlock\tulo.LeaderLabeledTextBlock.csproj", "{2DB9CB61-8EDB-4AAC-8849-CF79A0AE1F33}"
EndProject
Project("{FAE04EC0-301F-11D3-BF4B-00C04F79EFBC}") = "tulo.SlideToComfirmControl", "Src\Common\tulo.SlideToComfirmControl\tulo.SlideToComfirmControl.csproj", "{FEFB1FBC-AA4D-4423-AC20-3BF11489314C}"
EndProject
Project("{FAE04EC0-301F-11D3-BF4B-00C04F79EFBC}") = "tulo.CreateZugferdPdfA3Tests", "Tests\tulo.CreateZugferdPdfA3Tests\tulo.CreateZugferdPdfA3Tests.csproj", "{8B2E7F2A-8178-4520-9FD9-0CDF0999E2CC}"
EndProject
Project("{FAE04EC0-301F-11D3-BF4B-00C04F79EFBC}") = "tulo.CreateZugferdPdfA3", "Src\tulo.CreateZugferdPdfA3\tulo.CreateZugferdPdfA3.csproj", "{29173607-89B8-4282-B8A0-909CCC89ABFF}"
EndProject
Project("{FAE04EC0-301F-11D3-BF4B-00C04F79EFBC}") = "tulo.FontSizePicker", "Src\Common\tulo.FontSizePicker\tulo.FontSizePicker.csproj", "{4243B4F2-B449-4A93-B603-C617FBD18621}"
EndProject
Global
	GlobalSection(SolutionConfigurationPlatforms) = preSolution
		Debug|Any CPU = Debug|Any CPU
		Release|Any CPU = Release|Any CPU
	EndGlobalSection
	GlobalSection(ProjectConfigurationPlatforms) = postSolution
		{9086159E-C8A9-483C-AFA1-FA9263892417}.Debug|Any CPU.ActiveCfg = Debug|Any CPU
		{9086159E-C8A9-483C-AFA1-FA9263892417}.Debug|Any CPU.Build.0 = Debug|Any CPU
		{9086159E-C8A9-483C-AFA1-FA9263892417}.Release|Any CPU.ActiveCfg = Release|Any CPU
		{9086159E-C8A9-483C-AFA1-FA9263892417}.Release|Any CPU.Build.0 = Release|Any CPU
		{424D18B7-CE49-2D61-EA3B-F86149B62350}.Debug|Any CPU.ActiveCfg = Debug|Any CPU
		{424D18B7-CE49-2D61-EA3B-F86149B62350}.Debug|Any CPU.Build.0 = Debug|Any CPU
		{424D18B7-CE49-2D61-EA3B-F86149B62350}.Release|Any CPU.ActiveCfg = Release|Any CPU
		{424D18B7-CE49-2D61-EA3B-F86149B62350}.Release|Any CPU.Build.0 = Release|Any CPU
		{5F0779B3-A00C-4A5F-93D1-3C9D21B5CF92}.Debug|Any CPU.ActiveCfg = Debug|Any CPU
		{5F0779B3-A00C-4A5F-93D1-3C9D21B5CF92}.Debug|Any CPU.Build.0 = Debug|Any CPU
		{5F0779B3-A00C-4A5F-93D1-3C9D21B5CF92}.Release|Any CPU.ActiveCfg = Release|Any CPU
		{5F0779B3-A00C-4A5F-93D1-3C9D21B5CF92}.Release|Any CPU.Build.0 = Release|Any CPU
		{A9BA5C0B-EA8A-E139-5573-33D6F9F1C03C}.Debug|Any CPU.ActiveCfg = Debug|Any CPU
		{A9BA5C0B-EA8A-E139-5573-33D6F9F1C03C}.Debug|Any CPU.Build.0 = Debug|Any CPU
		{A9BA5C0B-EA8A-E139-5573-33D6F9F1C03C}.Release|Any CPU.ActiveCfg = Release|Any CPU
		{A9BA5C0B-EA8A-E139-5573-33D6F9F1C03C}.Release|Any CPU.Build.0 = Release|Any CPU
		{35189D63-B3C8-B905-AB77-1FEDC5B5B48D}.Debug|Any CPU.ActiveCfg = Debug|Any CPU
		{35189D63-B3C8-B905-AB77-1FEDC5B5B48D}.Debug|Any CPU.Build.0 = Debug|Any CPU
		{35189D63-B3C8-B905-AB77-1FEDC5B5B48D}.Release|Any CPU.ActiveCfg = Release|Any CPU
		{35189D63-B3C8-B905-AB77-1FEDC5B5B48D}.Release|Any CPU.Build.0 = Release|Any CPU
		{C9104F16-8F54-F765-ACA1-F776B97B61CF}.Debug|Any CPU.ActiveCfg = Debug|Any CPU
		{C9104F16-8F54-F765-ACA1-F776B97B61CF}.Debug|Any CPU.Build.0 = Debug|Any CPU
		{C9104F16-8F54-F765-ACA1-F776B97B61CF}.Release|Any CPU.ActiveCfg = Release|Any CPU
		{C9104F16-8F54-F765-ACA1-F776B97B61CF}.Release|Any CPU.Build.0 = Release|Any CPU
		{FFDC9479-E1FA-A520-3927-FA831C615FEE}.Debug|Any CPU.ActiveCfg = Debug|Any CPU
		{FFDC9479-E1FA-A520-3927-FA831C615FEE}.Debug|Any CPU.Build.0 = Debug|Any CPU
		{FFDC9479-E1FA-A520-3927-FA831C615FEE}.Release|Any CPU.ActiveCfg = Release|Any CPU
		{FFDC9479-E1FA-A520-3927-FA831C615FEE}.Release|Any CPU.Build.0 = Release|Any CPU
		{0069641A-73CB-25D6-C940-5F015BEB126A}.Debug|Any CPU.ActiveCfg = Debug|Any CPU
		{0069641A-73CB-25D6-C940-5F015BEB126A}.Debug|Any CPU.Build.0 = Debug|Any CPU
		{0069641A-73CB-25D6-C940-5F015BEB126A}.Release|Any CPU.ActiveCfg = Release|Any CPU
		{0069641A-73CB-25D6-C940-5F015BEB126A}.Release|Any CPU.Build.0 = Release|Any CPU
		{ABA84B6F-78FA-ACFB-721D-6EE68EA269C4}.Debug|Any CPU.ActiveCfg = Debug|Any CPU
		{ABA84B6F-78FA-ACFB-721D-6EE68EA269C4}.Debug|Any CPU.Build.0 = Debug|Any CPU
		{ABA84B6F-78FA-ACFB-721D-6EE68EA269C4}.Release|Any CPU.ActiveCfg = Release|Any CPU
		{ABA84B6F-78FA-ACFB-721D-6EE68EA269C4}.Release|Any CPU.Build.0 = Release|Any CPU
		{9F3FE7AB-0CC8-13FD-8536-0DD1CC5322F5}.Debug|Any CPU.ActiveCfg = Debug|Any CPU
		{9F3FE7AB-0CC8-13FD-8536-0DD1CC5322F5}.Debug|Any CPU.Build.0 = Debug|Any CPU
		{9F3FE7AB-0CC8-13FD-8536-0DD1CC5322F5}.Release|Any CPU.ActiveCfg = Release|Any CPU
		{9F3FE7AB-0CC8-13FD-8536-0DD1CC5322F5}.Release|Any CPU.Build.0 = Release|Any CPU
		{EFD73D9B-8707-A0BC-A25A-76CA8DFB355D}.Debug|Any CPU.ActiveCfg = Debug|Any CPU
		{EFD73D9B-8707-A0BC-A25A-76CA8DFB355D}.Debug|Any CPU.Build.0 = Debug|Any CPU
		{EFD73D9B-8707-A0BC-A25A-76CA8DFB355D}.Release|Any CPU.ActiveCfg = Release|Any CPU
		{EFD73D9B-8707-A0BC-A25A-76CA8DFB355D}.Release|Any CPU.Build.0 = Release|Any CPU
		{8741676E-5BD8-44C4-A49A-DADC98E02FA7}.Debug|Any CPU.ActiveCfg = Debug|Any CPU
		{8741676E-5BD8-44C4-A49A-DADC98E02FA7}.Debug|Any CPU.Build.0 = Debug|Any CPU
		{8741676E-5BD8-44C4-A49A-DADC98E02FA7}.Release|Any CPU.ActiveCfg = Release|Any CPU
		{8741676E-5BD8-44C4-A49A-DADC98E02FA7}.Release|Any CPU.Build.0 = Release|Any CPU
		{988C6B2C-2384-4E46-AC6A-C6BC6F07DB2E}.Debug|Any CPU.ActiveCfg = Debug|Any CPU
		{988C6B2C-2384-4E46-AC6A-C6BC6F07DB2E}.Debug|Any CPU.Build.0 = Debug|Any CPU
		{988C6B2C-2384-4E46-AC6A-C6BC6F07DB2E}.Release|Any CPU.ActiveCfg = Release|Any CPU
		{988C6B2C-2384-4E46-AC6A-C6BC6F07DB2E}.Release|Any CPU.Build.0 = Release|Any CPU
		{C8F74E50-4580-4979-A87A-316BC9D4A6E8}.Debug|Any CPU.ActiveCfg = Debug|Any CPU
		{C8F74E50-4580-4979-A87A-316BC9D4A6E8}.Debug|Any CPU.Build.0 = Debug|Any CPU
		{C8F74E50-4580-4979-A87A-316BC9D4A6E8}.Release|Any CPU.ActiveCfg = Release|Any CPU
		{C8F74E50-4580-4979-A87A-316BC9D4A6E8}.Release|Any CPU.Build.0 = Release|Any CPU
		{2DB9CB61-8EDB-4AAC-8849-CF79A0AE1F33}.Debug|Any CPU.ActiveCfg = Debug|Any CPU
		{2DB9CB61-8EDB-4AAC-8849-CF79A0AE1F33}.Debug|Any CPU.Build.0 = Debug|Any CPU
		{2DB9CB61-8EDB-4AAC-8849-CF79A0AE1F33}.Release|Any CPU.ActiveCfg = Release|Any CPU
		{2DB9CB61-8EDB-4AAC-8849-CF79A0AE1F33}.Release|Any CPU.Build.0 = Release|Any CPU
		{FEFB1FBC-AA4D-4423-AC20-3BF11489314C}.Debug|Any CPU.ActiveCfg = Debug|Any CPU
		{FEFB1FBC-AA4D-4423-AC20-3BF11489314C}.Debug|Any CPU.Build.0 = Debug|Any CPU
		{FEFB1FBC-AA4D-4423-AC20-3BF11489314C}.Release|Any CPU.ActiveCfg = Release|Any CPU
		{FEFB1FBC-AA4D-4423-AC20-3BF11489314C}.Release|Any CPU.Build.0 = Release|Any CPU
		{8B2E7F2A-8178-4520-9FD9-0CDF0999E2CC}.Debug|Any CPU.ActiveCfg = Debug|Any CPU
		{8B2E7F2A-8178-4520-9FD9-0CDF0999E2CC}.Debug|Any CPU.Build.0 = Debug|Any CPU
		{8B2E7F2A-8178-4520-9FD9-0CDF0999E2CC}.Release|Any CPU.ActiveCfg = Release|Any CPU
		{8B2E7F2A-8178-4520-9FD9-0CDF0999E2CC}.Release|Any CPU.Build.0 = Release|Any CPU
		{29173607-89B8-4282-B8A0-909CCC89ABFF}.Debug|Any CPU.ActiveCfg = Debug|Any CPU
		{29173607-89B8-4282-B8A0-909CCC89ABFF}.Debug|Any CPU.Build.0 = Debug|Any CPU
		{29173607-89B8-4282-B8A0-909CCC89ABFF}.Release|Any CPU.ActiveCfg = Release|Any CPU
		{29173607-89B8-4282-B8A0-909CCC89ABFF}.Release|Any CPU.Build.0 = Release|Any CPU
		{4243B4F2-B449-4A93-B603-C617FBD18621}.Debug|Any CPU.ActiveCfg = Debug|Any CPU
		{4243B4F2-B449-4A93-B603-C617FBD18621}.Debug|Any CPU.Build.0 = Debug|Any CPU
		{4243B4F2-B449-4A93-B603-C617FBD18621}.Release|Any CPU.ActiveCfg = Release|Any CPU
		{4243B4F2-B449-4A93-B603-C617FBD18621}.Release|Any CPU.Build.0 = Release|Any CPU
	EndGlobalSection
	GlobalSection(SolutionProperties) = preSolution
		HideSolutionNode = FALSE
	EndGlobalSection
	GlobalSection(NestedProjects) = preSolution
		{360ADD68-3FC7-4271-8AD1-D46342C94064} = {02EA681E-C7D8-13C7-8484-4AC65E1B71E8}
		{9086159E-C8A9-483C-AFA1-FA9263892417} = {360ADD68-3FC7-4271-8AD1-D46342C94064}
		{424D18B7-CE49-2D61-EA3B-F86149B62350} = {99D63E84-43D0-45BF-BA26-454C0164001B}
		{99D63E84-43D0-45BF-BA26-454C0164001B} = {02EA681E-C7D8-13C7-8484-4AC65E1B71E8}
		{5F0779B3-A00C-4A5F-93D1-3C9D21B5CF92} = {99D63E84-43D0-45BF-BA26-454C0164001B}
		{A9BA5C0B-EA8A-E139-5573-33D6F9F1C03C} = {99D63E84-43D0-45BF-BA26-454C0164001B}
		{35189D63-B3C8-B905-AB77-1FEDC5B5B48D} = {99D63E84-43D0-45BF-BA26-454C0164001B}
		{C9104F16-8F54-F765-ACA1-F776B97B61CF} = {99D63E84-43D0-45BF-BA26-454C0164001B}
		{FFDC9479-E1FA-A520-3927-FA831C615FEE} = {99D63E84-43D0-45BF-BA26-454C0164001B}
		{0069641A-73CB-25D6-C940-5F015BEB126A} = {02EA681E-C7D8-13C7-8484-4AC65E1B71E8}
		{ABA84B6F-78FA-ACFB-721D-6EE68EA269C4} = {11CB76DD-A6DE-45A2-BE59-C094689CF84E}
		{9F3FE7AB-0CC8-13FD-8536-0DD1CC5322F5} = {02EA681E-C7D8-13C7-8484-4AC65E1B71E8}
		{EFD73D9B-8707-A0BC-A25A-76CA8DFB355D} = {99D63E84-43D0-45BF-BA26-454C0164001B}
		{8741676E-5BD8-44C4-A49A-DADC98E02FA7} = {11CB76DD-A6DE-45A2-BE59-C094689CF84E}
		{988C6B2C-2384-4E46-AC6A-C6BC6F07DB2E} = {360ADD68-3FC7-4271-8AD1-D46342C94064}
		{C8F74E50-4580-4979-A87A-316BC9D4A6E8} = {11CB76DD-A6DE-45A2-BE59-C094689CF84E}
		{0054C3CA-5F63-4B12-8767-FFB3172723D4} = {E8DF60D6-F01A-4785-B1FD-06A9B29F40ED}
		{154F230A-D3D8-47C9-8F9B-4598F730487E} = {0054C3CA-5F63-4B12-8767-FFB3172723D4}
		{2DB9CB61-8EDB-4AAC-8849-CF79A0AE1F33} = {99D63E84-43D0-45BF-BA26-454C0164001B}
		{FEFB1FBC-AA4D-4423-AC20-3BF11489314C} = {99D63E84-43D0-45BF-BA26-454C0164001B}
		{8B2E7F2A-8178-4520-9FD9-0CDF0999E2CC} = {11CB76DD-A6DE-45A2-BE59-C094689CF84E}
		{29173607-89B8-4282-B8A0-909CCC89ABFF} = {02EA681E-C7D8-13C7-8484-4AC65E1B71E8}
		{4243B4F2-B449-4A93-B603-C617FBD18621} = {99D63E84-43D0-45BF-BA26-454C0164001B}
	EndGlobalSection
	GlobalSection(ExtensibilityGlobals) = postSolution
		SolutionGuid = {ABEACF02-0215-4140-9861-89E3A023BA4C}
	EndGlobalSection
EndGlobal
